{
  "version": 4,
  "terraform_version": "1.3.7",
  "serial": 7,
  "lineage": "dc2bb9b3-38dd-00a6-0b1f-3b066e6dc2ca",
  "outputs": {
    "list": {
      "value": [
        "10.0.1.0/24",
        "10.0.2.0/24",
        "10.0.3.0/24"
      ],
      "type": [
        "tuple",
        [
          "string",
          "string",
          "string"
        ]
      ]
    },
    "loc": {
      "value": "eastus",
      "type": "string"
    },
    "rg": {
      "value": "rg-four4",
      "type": "string"
    },
    "subnet": {
      "value": [
        {
          "address_prefix": "10.0.1.0/24",
          "address_prefixes": [
            "10.0.1.0/24"
          ],
          "delegation": [],
          "enforce_private_link_endpoint_network_policies": false,
          "enforce_private_link_service_network_policies": false,
          "id": "/subscriptions/db29c801-2ad5-4873-9cc3-59e2977739f1/resourceGroups/rg-four4/providers/Microsoft.Network/virtualNetworks/vnet-four4/subnets/subnet0",
          "name": "subnet0",
          "resource_group_name": "rg-four4",
          "service_endpoint_policy_ids": null,
          "service_endpoints": null,
          "timeouts": null,
          "virtual_network_name": "vnet-four4"
        },
        {
          "address_prefix": "10.0.2.0/24",
          "address_prefixes": [
            "10.0.2.0/24"
          ],
          "delegation": [],
          "enforce_private_link_endpoint_network_policies": false,
          "enforce_private_link_service_network_policies": false,
          "id": "/subscriptions/db29c801-2ad5-4873-9cc3-59e2977739f1/resourceGroups/rg-four4/providers/Microsoft.Network/virtualNetworks/vnet-four4/subnets/subnet1",
          "name": "subnet1",
          "resource_group_name": "rg-four4",
          "service_endpoint_policy_ids": null,
          "service_endpoints": null,
          "timeouts": null,
          "virtual_network_name": "vnet-four4"
        },
        {
          "address_prefix": "10.0.3.0/24",
          "address_prefixes": [
            "10.0.3.0/24"
          ],
          "delegation": [],
          "enforce_private_link_endpoint_network_policies": false,
          "enforce_private_link_service_network_policies": false,
          "id": "/subscriptions/db29c801-2ad5-4873-9cc3-59e2977739f1/resourceGroups/rg-four4/providers/Microsoft.Network/virtualNetworks/vnet-four4/subnets/subnet2",
          "name": "subnet2",
          "resource_group_name": "rg-four4",
          "service_endpoint_policy_ids": null,
          "service_endpoints": null,
          "timeouts": null,
          "virtual_network_name": "vnet-four4"
        }
      ],
      "type": [
        "tuple",
        [
          [
            "object",
            {
              "address_prefix": "string",
              "address_prefixes": [
                "list",
                "string"
              ],
              "delegation": [
                "list",
                [
                  "object",
                  {
                    "name": "string",
                    "service_delegation": [
                      "list",
                      [
                        "object",
                        {
                          "actions": [
                            "list",
                            "string"
                          ],
                          "name": "string"
                        }
                      ]
                    ]
                  }
                ]
              ],
              "enforce_private_link_endpoint_network_policies": "bool",
              "enforce_private_link_service_network_policies": "bool",
              "id": "string",
              "name": "string",
              "resource_group_name": "string",
              "service_endpoint_policy_ids": [
                "set",
                "string"
              ],
              "service_endpoints": [
                "list",
                "string"
              ],
              "timeouts": [
                "object",
                {
                  "create": "string",
                  "delete": "string",
                  "read": "string",
                  "update": "string"
                }
              ],
              "virtual_network_name": "string"
            }
          ],
          [
            "object",
            {
              "address_prefix": "string",
              "address_prefixes": [
                "list",
                "string"
              ],
              "delegation": [
                "list",
                [
                  "object",
                  {
                    "name": "string",
                    "service_delegation": [
                      "list",
                      [
                        "object",
                        {
                          "actions": [
                            "list",
                            "string"
                          ],
                          "name": "string"
                        }
                      ]
                    ]
                  }
                ]
              ],
              "enforce_private_link_endpoint_network_policies": "bool",
              "enforce_private_link_service_network_policies": "bool",
              "id": "string",
              "name": "string",
              "resource_group_name": "string",
              "service_endpoint_policy_ids": [
                "set",
                "string"
              ],
              "service_endpoints": [
                "list",
                "string"
              ],
              "timeouts": [
                "object",
                {
                  "create": "string",
                  "delete": "string",
                  "read": "string",
                  "update": "string"
                }
              ],
              "virtual_network_name": "string"
            }
          ],
          [
            "object",
            {
              "address_prefix": "string",
              "address_prefixes": [
                "list",
                "string"
              ],
              "delegation": [
                "list",
                [
                  "object",
                  {
                    "name": "string",
                    "service_delegation": [
                      "list",
                      [
                        "object",
                        {
                          "actions": [
                            "list",
                            "string"
                          ],
                          "name": "string"
                        }
                      ]
                    ]
                  }
                ]
              ],
              "enforce_private_link_endpoint_network_policies": "bool",
              "enforce_private_link_service_network_policies": "bool",
              "id": "string",
              "name": "string",
              "resource_group_name": "string",
              "service_endpoint_policy_ids": [
                "set",
                "string"
              ],
              "service_endpoints": [
                "list",
                "string"
              ],
              "timeouts": [
                "object",
                {
                  "create": "string",
                  "delete": "string",
                  "read": "string",
                  "update": "string"
                }
              ],
              "virtual_network_name": "string"
            }
          ]
        ]
      ]
    },
    "vnet": {
      "value": {
        "address_space": [
          "10.0.0.0/16"
        ],
        "bgp_community": "",
        "ddos_protection_plan": [],
        "dns_servers": [],
        "flow_timeout_in_minutes": 0,
        "guid": "1bd1a319-073c-4db5-b38d-cc02c1820dde",
        "id": "/subscriptions/db29c801-2ad5-4873-9cc3-59e2977739f1/resourceGroups/rg-four4/providers/Microsoft.Network/virtualNetworks/vnet-four4",
        "location": "eastus",
        "name": "vnet-four4",
        "resource_group_name": "rg-four4",
        "subnet": [],
        "tags": null,
        "timeouts": null,
        "vm_protection_enabled": false
      },
      "type": [
        "object",
        {
          "address_space": [
            "list",
            "string"
          ],
          "bgp_community": "string",
          "ddos_protection_plan": [
            "list",
            [
              "object",
              {
                "enable": "bool",
                "id": "string"
              }
            ]
          ],
          "dns_servers": [
            "list",
            "string"
          ],
          "flow_timeout_in_minutes": "number",
          "guid": "string",
          "id": "string",
          "location": "string",
          "name": "string",
          "resource_group_name": "string",
          "subnet": [
            "set",
            [
              "object",
              {
                "address_prefix": "string",
                "id": "string",
                "name": "string",
                "security_group": "string"
              }
            ]
          ],
          "tags": [
            "map",
            "string"
          ],
          "timeouts": [
            "object",
            {
              "create": "string",
              "delete": "string",
              "read": "string",
              "update": "string"
            }
          ],
          "vm_protection_enabled": "bool"
        }
      ]
    }
  },
  "resources": [
    {
      "mode": "managed",
      "type": "azurerm_resource_group",
      "name": "rg",
      "provider": "provider[\"registry.terraform.io/hashicorp/azurerm\"]",
      "instances": [
        {
          "schema_version": 0,
          "attributes": {
            "id": "/subscriptions/db29c801-2ad5-4873-9cc3-59e2977739f1/resourceGroups/rg-four4",
            "location": "eastus",
            "name": "rg-four4",
            "tags": null,
            "timeouts": null
          },
          "sensitive_attributes": [],
          "private": "eyJlMmJmYjczMC1lY2FhLTExZTYtOGY4OC0zNDM2M2JjN2M0YzAiOnsiY3JlYXRlIjo1NDAwMDAwMDAwMDAwLCJkZWxldGUiOjU0MDAwMDAwMDAwMDAsInJlYWQiOjMwMDAwMDAwMDAwMCwidXBkYXRlIjo1NDAwMDAwMDAwMDAwfX0="
        }
      ]
    },
    {
      "mode": "managed",
      "type": "azurerm_subnet",
      "name": "subnets",
      "provider": "provider[\"registry.terraform.io/hashicorp/azurerm\"]",
      "instances": [
        {
          "index_key": 0,
          "schema_version": 0,
          "attributes": {
            "address_prefix": "10.0.1.0/24",
            "address_prefixes": [
              "10.0.1.0/24"
            ],
            "delegation": [],
            "enforce_private_link_endpoint_network_policies": false,
            "enforce_private_link_service_network_policies": false,
            "id": "/subscriptions/db29c801-2ad5-4873-9cc3-59e2977739f1/resourceGroups/rg-four4/providers/Microsoft.Network/virtualNetworks/vnet-four4/subnets/subnet0",
            "name": "subnet0",
            "resource_group_name": "rg-four4",
            "service_endpoint_policy_ids": null,
            "service_endpoints": null,
            "timeouts": null,
            "virtual_network_name": "vnet-four4"
          },
          "sensitive_attributes": [],
          "private": "eyJlMmJmYjczMC1lY2FhLTExZTYtOGY4OC0zNDM2M2JjN2M0YzAiOnsiY3JlYXRlIjoxODAwMDAwMDAwMDAwLCJkZWxldGUiOjE4MDAwMDAwMDAwMDAsInJlYWQiOjMwMDAwMDAwMDAwMCwidXBkYXRlIjoxODAwMDAwMDAwMDAwfX0=",
          "dependencies": [
            "azurerm_resource_group.rg",
            "azurerm_virtual_network.vnet"
          ]
        },
        {
          "index_key": 1,
          "schema_version": 0,
          "attributes": {
            "address_prefix": "10.0.2.0/24",
            "address_prefixes": [
              "10.0.2.0/24"
            ],
            "delegation": [],
            "enforce_private_link_endpoint_network_policies": false,
            "enforce_private_link_service_network_policies": false,
            "id": "/subscriptions/db29c801-2ad5-4873-9cc3-59e2977739f1/resourceGroups/rg-four4/providers/Microsoft.Network/virtualNetworks/vnet-four4/subnets/subnet1",
            "name": "subnet1",
            "resource_group_name": "rg-four4",
            "service_endpoint_policy_ids": null,
            "service_endpoints": null,
            "timeouts": null,
            "virtual_network_name": "vnet-four4"
          },
          "sensitive_attributes": [],
          "private": "eyJlMmJmYjczMC1lY2FhLTExZTYtOGY4OC0zNDM2M2JjN2M0YzAiOnsiY3JlYXRlIjoxODAwMDAwMDAwMDAwLCJkZWxldGUiOjE4MDAwMDAwMDAwMDAsInJlYWQiOjMwMDAwMDAwMDAwMCwidXBkYXRlIjoxODAwMDAwMDAwMDAwfX0=",
          "dependencies": [
            "azurerm_resource_group.rg",
            "azurerm_virtual_network.vnet"
          ]
        },
        {
          "index_key": 2,
          "schema_version": 0,
          "attributes": {
            "address_prefix": "10.0.3.0/24",
            "address_prefixes": [
              "10.0.3.0/24"
            ],
            "delegation": [],
            "enforce_private_link_endpoint_network_policies": false,
            "enforce_private_link_service_network_policies": false,
            "id": "/subscriptions/db29c801-2ad5-4873-9cc3-59e2977739f1/resourceGroups/rg-four4/providers/Microsoft.Network/virtualNetworks/vnet-four4/subnets/subnet2",
            "name": "subnet2",
            "resource_group_name": "rg-four4",
            "service_endpoint_policy_ids": null,
            "service_endpoints": null,
            "timeouts": null,
            "virtual_network_name": "vnet-four4"
          },
          "sensitive_attributes": [],
          "private": "eyJlMmJmYjczMC1lY2FhLTExZTYtOGY4OC0zNDM2M2JjN2M0YzAiOnsiY3JlYXRlIjoxODAwMDAwMDAwMDAwLCJkZWxldGUiOjE4MDAwMDAwMDAwMDAsInJlYWQiOjMwMDAwMDAwMDAwMCwidXBkYXRlIjoxODAwMDAwMDAwMDAwfX0=",
          "dependencies": [
            "azurerm_resource_group.rg",
            "azurerm_virtual_network.vnet"
          ]
        }
      ]
    },
    {
      "mode": "managed",
      "type": "azurerm_virtual_network",
      "name": "vnet",
      "provider": "provider[\"registry.terraform.io/hashicorp/azurerm\"]",
      "instances": [
        {
          "schema_version": 0,
          "attributes": {
            "address_space": [
              "10.0.0.0/16"
            ],
            "bgp_community": "",
            "ddos_protection_plan": [],
            "dns_servers": [],
            "flow_timeout_in_minutes": 0,
            "guid": "1bd1a319-073c-4db5-b38d-cc02c1820dde",
            "id": "/subscriptions/db29c801-2ad5-4873-9cc3-59e2977739f1/resourceGroups/rg-four4/providers/Microsoft.Network/virtualNetworks/vnet-four4",
            "location": "eastus",
            "name": "vnet-four4",
            "resource_group_name": "rg-four4",
            "subnet": [],
            "tags": null,
            "timeouts": null,
            "vm_protection_enabled": false
          },
          "sensitive_attributes": [],
          "private": "eyJlMmJmYjczMC1lY2FhLTExZTYtOGY4OC0zNDM2M2JjN2M0YzAiOnsiY3JlYXRlIjoxODAwMDAwMDAwMDAwLCJkZWxldGUiOjE4MDAwMDAwMDAwMDAsInJlYWQiOjMwMDAwMDAwMDAwMCwidXBkYXRlIjoxODAwMDAwMDAwMDAwfX0=",
          "dependencies": [
            "azurerm_resource_group.rg"
          ]
        }
      ]
    }
  ],
  "check_results": null
}
