{
  "version": 4,
  "terraform_version": "1.3.7",
  "serial": 7,
  "lineage": "cb7b60c7-8a6c-7279-7471-807095874407",
  "outputs": {},
  "resources": [
    {
      "mode": "data",
      "type": "terraform_remote_state",
      "name": "vpc",
      "provider": "provider[\"terraform.io/builtin/terraform\"]",
      "instances": [
        {
          "schema_version": 0,
          "attributes": {
            "backend": "local",
            "config": {
              "value": {
                "path": "../networking/terraform.tfstate"
              },
              "type": [
                "object",
                {
                  "path": "string"
                }
              ]
            },
            "defaults": null,
            "outputs": {
              "value": {
                "list": [
                  "10.0.1.0/24",
                  "10.0.2.0/24",
                  "10.0.3.0/24"
                ],
                "loc": "eastus",
                "rg": "rg-four4",
                "subnet": [
                  {
                    "address_prefix": "10.0.1.0/24",
                    "address_prefixes": [
                      "10.0.1.0/24"
                    ],
                    "delegation": [],
                    "enforce_private_link_endpoint_network_policies": false,
                    "enforce_private_link_service_network_policies": false,
                    "id": "/subscriptions/db29c801-2ad5-4873-9cc3-59e2977739f1/resourceGroups/rg-four4/providers/Microsoft.Network/virtualNetworks/vnet-four4/subnets/subnet0",
                    "name": "subnet0",
                    "resource_group_name": "rg-four4",
                    "service_endpoint_policy_ids": null,
                    "service_endpoints": null,
                    "timeouts": null,
                    "virtual_network_name": "vnet-four4"
                  },
                  {
                    "address_prefix": "10.0.2.0/24",
                    "address_prefixes": [
                      "10.0.2.0/24"
                    ],
                    "delegation": [],
                    "enforce_private_link_endpoint_network_policies": false,
                    "enforce_private_link_service_network_policies": false,
                    "id": "/subscriptions/db29c801-2ad5-4873-9cc3-59e2977739f1/resourceGroups/rg-four4/providers/Microsoft.Network/virtualNetworks/vnet-four4/subnets/subnet1",
                    "name": "subnet1",
                    "resource_group_name": "rg-four4",
                    "service_endpoint_policy_ids": null,
                    "service_endpoints": null,
                    "timeouts": null,
                    "virtual_network_name": "vnet-four4"
                  },
                  {
                    "address_prefix": "10.0.3.0/24",
                    "address_prefixes": [
                      "10.0.3.0/24"
                    ],
                    "delegation": [],
                    "enforce_private_link_endpoint_network_policies": false,
                    "enforce_private_link_service_network_policies": false,
                    "id": "/subscriptions/db29c801-2ad5-4873-9cc3-59e2977739f1/resourceGroups/rg-four4/providers/Microsoft.Network/virtualNetworks/vnet-four4/subnets/subnet2",
                    "name": "subnet2",
                    "resource_group_name": "rg-four4",
                    "service_endpoint_policy_ids": null,
                    "service_endpoints": null,
                    "timeouts": null,
                    "virtual_network_name": "vnet-four4"
                  }
                ],
                "vnet": {
                  "address_space": [
                    "10.0.0.0/16"
                  ],
                  "bgp_community": "",
                  "ddos_protection_plan": [],
                  "dns_servers": [],
                  "flow_timeout_in_minutes": 0,
                  "guid": "1bd1a319-073c-4db5-b38d-cc02c1820dde",
                  "id": "/subscriptions/db29c801-2ad5-4873-9cc3-59e2977739f1/resourceGroups/rg-four4/providers/Microsoft.Network/virtualNetworks/vnet-four4",
                  "location": "eastus",
                  "name": "vnet-four4",
                  "resource_group_name": "rg-four4",
                  "subnet": [],
                  "tags": null,
                  "timeouts": null,
                  "vm_protection_enabled": false
                }
              },
              "type": [
                "object",
                {
                  "list": [
                    "tuple",
                    [
                      "string",
                      "string",
                      "string"
                    ]
                  ],
                  "loc": "string",
                  "rg": "string",
                  "subnet": [
                    "tuple",
                    [
                      [
                        "object",
                        {
                          "address_prefix": "string",
                          "address_prefixes": [
                            "list",
                            "string"
                          ],
                          "delegation": [
                            "list",
                            [
                              "object",
                              {
                                "name": "string",
                                "service_delegation": [
                                  "list",
                                  [
                                    "object",
                                    {
                                      "actions": [
                                        "list",
                                        "string"
                                      ],
                                      "name": "string"
                                    }
                                  ]
                                ]
                              }
                            ]
                          ],
                          "enforce_private_link_endpoint_network_policies": "bool",
                          "enforce_private_link_service_network_policies": "bool",
                          "id": "string",
                          "name": "string",
                          "resource_group_name": "string",
                          "service_endpoint_policy_ids": [
                            "set",
                            "string"
                          ],
                          "service_endpoints": [
                            "list",
                            "string"
                          ],
                          "timeouts": [
                            "object",
                            {
                              "create": "string",
                              "delete": "string",
                              "read": "string",
                              "update": "string"
                            }
                          ],
                          "virtual_network_name": "string"
                        }
                      ],
                      [
                        "object",
                        {
                          "address_prefix": "string",
                          "address_prefixes": [
                            "list",
                            "string"
                          ],
                          "delegation": [
                            "list",
                            [
                              "object",
                              {
                                "name": "string",
                                "service_delegation": [
                                  "list",
                                  [
                                    "object",
                                    {
                                      "actions": [
                                        "list",
                                        "string"
                                      ],
                                      "name": "string"
                                    }
                                  ]
                                ]
                              }
                            ]
                          ],
                          "enforce_private_link_endpoint_network_policies": "bool",
                          "enforce_private_link_service_network_policies": "bool",
                          "id": "string",
                          "name": "string",
                          "resource_group_name": "string",
                          "service_endpoint_policy_ids": [
                            "set",
                            "string"
                          ],
                          "service_endpoints": [
                            "list",
                            "string"
                          ],
                          "timeouts": [
                            "object",
                            {
                              "create": "string",
                              "delete": "string",
                              "read": "string",
                              "update": "string"
                            }
                          ],
                          "virtual_network_name": "string"
                        }
                      ],
                      [
                        "object",
                        {
                          "address_prefix": "string",
                          "address_prefixes": [
                            "list",
                            "string"
                          ],
                          "delegation": [
                            "list",
                            [
                              "object",
                              {
                                "name": "string",
                                "service_delegation": [
                                  "list",
                                  [
                                    "object",
                                    {
                                      "actions": [
                                        "list",
                                        "string"
                                      ],
                                      "name": "string"
                                    }
                                  ]
                                ]
                              }
                            ]
                          ],
                          "enforce_private_link_endpoint_network_policies": "bool",
                          "enforce_private_link_service_network_policies": "bool",
                          "id": "string",
                          "name": "string",
                          "resource_group_name": "string",
                          "service_endpoint_policy_ids": [
                            "set",
                            "string"
                          ],
                          "service_endpoints": [
                            "list",
                            "string"
                          ],
                          "timeouts": [
                            "object",
                            {
                              "create": "string",
                              "delete": "string",
                              "read": "string",
                              "update": "string"
                            }
                          ],
                          "virtual_network_name": "string"
                        }
                      ]
                    ]
                  ],
                  "vnet": [
                    "object",
                    {
                      "address_space": [
                        "list",
                        "string"
                      ],
                      "bgp_community": "string",
                      "ddos_protection_plan": [
                        "list",
                        [
                          "object",
                          {
                            "enable": "bool",
                            "id": "string"
                          }
                        ]
                      ],
                      "dns_servers": [
                        "list",
                        "string"
                      ],
                      "flow_timeout_in_minutes": "number",
                      "guid": "string",
                      "id": "string",
                      "location": "string",
                      "name": "string",
                      "resource_group_name": "string",
                      "subnet": [
                        "set",
                        [
                          "object",
                          {
                            "address_prefix": "string",
                            "id": "string",
                            "name": "string",
                            "security_group": "string"
                          }
                        ]
                      ],
                      "tags": [
                        "map",
                        "string"
                      ],
                      "timeouts": [
                        "object",
                        {
                          "create": "string",
                          "delete": "string",
                          "read": "string",
                          "update": "string"
                        }
                      ],
                      "vm_protection_enabled": "bool"
                    }
                  ]
                }
              ]
            },
            "workspace": null
          },
          "sensitive_attributes": []
        }
      ]
    },
    {
      "mode": "managed",
      "type": "azurerm_network_interface",
      "name": "main",
      "provider": "provider[\"registry.terraform.io/hashicorp/azurerm\"]",
      "instances": [
        {
          "index_key": 0,
          "schema_version": 0,
          "attributes": {
            "applied_dns_servers": [],
            "dns_servers": [],
            "enable_accelerated_networking": false,
            "enable_ip_forwarding": false,
            "id": "/subscriptions/db29c801-2ad5-4873-9cc3-59e2977739f1/resourceGroups/rg-four4/providers/Microsoft.Network/networkInterfaces/nic0",
            "internal_dns_name_label": "",
            "internal_domain_name_suffix": "dgr3cgz2a40u1m2nzqbmdaqn1g.bx.internal.cloudapp.net",
            "ip_configuration": [
              {
                "gateway_load_balancer_frontend_ip_configuration_id": "",
                "name": "testconfiguration1",
                "primary": true,
                "private_ip_address": "10.0.1.4",
                "private_ip_address_allocation": "Dynamic",
                "private_ip_address_version": "IPv4",
                "public_ip_address_id": "",
                "subnet_id": "/subscriptions/db29c801-2ad5-4873-9cc3-59e2977739f1/resourceGroups/rg-four4/providers/Microsoft.Network/virtualNetworks/vnet-four4/subnets/subnet0"
              }
            ],
            "location": "eastus",
            "mac_address": "",
            "name": "nic0",
            "private_ip_address": "10.0.1.4",
            "private_ip_addresses": [
              "10.0.1.4"
            ],
            "resource_group_name": "rg-four4",
            "tags": null,
            "timeouts": null,
            "virtual_machine_id": ""
          },
          "sensitive_attributes": [],
          "private": "eyJlMmJmYjczMC1lY2FhLTExZTYtOGY4OC0zNDM2M2JjN2M0YzAiOnsiY3JlYXRlIjoxODAwMDAwMDAwMDAwLCJkZWxldGUiOjE4MDAwMDAwMDAwMDAsInJlYWQiOjMwMDAwMDAwMDAwMCwidXBkYXRlIjoxODAwMDAwMDAwMDAwfX0=",
          "dependencies": [
            "data.terraform_remote_state.vpc"
          ]
        },
        {
          "index_key": 1,
          "schema_version": 0,
          "attributes": {
            "applied_dns_servers": [],
            "dns_servers": [],
            "enable_accelerated_networking": false,
            "enable_ip_forwarding": false,
            "id": "/subscriptions/db29c801-2ad5-4873-9cc3-59e2977739f1/resourceGroups/rg-four4/providers/Microsoft.Network/networkInterfaces/nic1",
            "internal_dns_name_label": "",
            "internal_domain_name_suffix": "dgr3cgz2a40u1m2nzqbmdaqn1g.bx.internal.cloudapp.net",
            "ip_configuration": [
              {
                "gateway_load_balancer_frontend_ip_configuration_id": "",
                "name": "testconfiguration1",
                "primary": true,
                "private_ip_address": "10.0.2.4",
                "private_ip_address_allocation": "Dynamic",
                "private_ip_address_version": "IPv4",
                "public_ip_address_id": "",
                "subnet_id": "/subscriptions/db29c801-2ad5-4873-9cc3-59e2977739f1/resourceGroups/rg-four4/providers/Microsoft.Network/virtualNetworks/vnet-four4/subnets/subnet1"
              }
            ],
            "location": "eastus",
            "mac_address": "",
            "name": "nic1",
            "private_ip_address": "10.0.2.4",
            "private_ip_addresses": [
              "10.0.2.4"
            ],
            "resource_group_name": "rg-four4",
            "tags": null,
            "timeouts": null,
            "virtual_machine_id": ""
          },
          "sensitive_attributes": [],
          "private": "eyJlMmJmYjczMC1lY2FhLTExZTYtOGY4OC0zNDM2M2JjN2M0YzAiOnsiY3JlYXRlIjoxODAwMDAwMDAwMDAwLCJkZWxldGUiOjE4MDAwMDAwMDAwMDAsInJlYWQiOjMwMDAwMDAwMDAwMCwidXBkYXRlIjoxODAwMDAwMDAwMDAwfX0=",
          "dependencies": [
            "data.terraform_remote_state.vpc"
          ]
        },
        {
          "index_key": 2,
          "schema_version": 0,
          "attributes": {
            "applied_dns_servers": [],
            "dns_servers": [],
            "enable_accelerated_networking": false,
            "enable_ip_forwarding": false,
            "id": "/subscriptions/db29c801-2ad5-4873-9cc3-59e2977739f1/resourceGroups/rg-four4/providers/Microsoft.Network/networkInterfaces/nic2",
            "internal_dns_name_label": "",
            "internal_domain_name_suffix": "dgr3cgz2a40u1m2nzqbmdaqn1g.bx.internal.cloudapp.net",
            "ip_configuration": [
              {
                "gateway_load_balancer_frontend_ip_configuration_id": "",
                "name": "testconfiguration1",
                "primary": true,
                "private_ip_address": "10.0.3.4",
                "private_ip_address_allocation": "Dynamic",
                "private_ip_address_version": "IPv4",
                "public_ip_address_id": "",
                "subnet_id": "/subscriptions/db29c801-2ad5-4873-9cc3-59e2977739f1/resourceGroups/rg-four4/providers/Microsoft.Network/virtualNetworks/vnet-four4/subnets/subnet2"
              }
            ],
            "location": "eastus",
            "mac_address": "",
            "name": "nic2",
            "private_ip_address": "10.0.3.4",
            "private_ip_addresses": [
              "10.0.3.4"
            ],
            "resource_group_name": "rg-four4",
            "tags": null,
            "timeouts": null,
            "virtual_machine_id": ""
          },
          "sensitive_attributes": [],
          "private": "eyJlMmJmYjczMC1lY2FhLTExZTYtOGY4OC0zNDM2M2JjN2M0YzAiOnsiY3JlYXRlIjoxODAwMDAwMDAwMDAwLCJkZWxldGUiOjE4MDAwMDAwMDAwMDAsInJlYWQiOjMwMDAwMDAwMDAwMCwidXBkYXRlIjoxODAwMDAwMDAwMDAwfX0=",
          "dependencies": [
            "data.terraform_remote_state.vpc"
          ]
        }
      ]
    },
    {
      "mode": "managed",
      "type": "azurerm_virtual_machine",
      "name": "main",
      "provider": "provider[\"registry.terraform.io/hashicorp/azurerm\"]",
      "instances": [
        {
          "index_key": 0,
          "schema_version": 0,
          "attributes": {
            "additional_capabilities": [],
            "availability_set_id": null,
            "boot_diagnostics": [],
            "delete_data_disks_on_termination": false,
            "delete_os_disk_on_termination": false,
            "id": "/subscriptions/db29c801-2ad5-4873-9cc3-59e2977739f1/resourceGroups/rg-four4/providers/Microsoft.Compute/virtualMachines/vm-0",
            "identity": [],
            "license_type": null,
            "location": "eastus",
            "name": "vm-0",
            "network_interface_ids": [
              "/subscriptions/db29c801-2ad5-4873-9cc3-59e2977739f1/resourceGroups/rg-four4/providers/Microsoft.Network/networkInterfaces/nic0"
            ],
            "os_profile": [
              {
                "admin_password": "",
                "admin_username": "testadmin",
                "computer_name": "hostname",
                "custom_data": ""
              }
            ],
            "os_profile_linux_config": [
              {
                "disable_password_authentication": false,
                "ssh_keys": []
              }
            ],
            "os_profile_secrets": [],
            "os_profile_windows_config": [],
            "plan": [],
            "primary_network_interface_id": null,
            "proximity_placement_group_id": null,
            "resource_group_name": "rg-four4",
            "storage_data_disk": [],
            "storage_image_reference": [
              {
                "id": "",
                "offer": "UbuntuServer",
                "publisher": "Canonical",
                "sku": "16.04-LTS",
                "version": "latest"
              }
            ],
            "storage_os_disk": [
              {
                "caching": "ReadWrite",
                "create_option": "FromImage",
                "disk_size_gb": 30,
                "image_uri": "",
                "managed_disk_id": "/subscriptions/db29c801-2ad5-4873-9cc3-59e2977739f1/resourceGroups/rg-four4/providers/Microsoft.Compute/disks/myosdisk0",
                "managed_disk_type": "Standard_LRS",
                "name": "myosdisk0",
                "os_type": "Linux",
                "vhd_uri": "",
                "write_accelerator_enabled": false
              }
            ],
            "tags": null,
            "timeouts": null,
            "vm_size": "Standard_DS1_v2",
            "zones": null
          },
          "sensitive_attributes": [],
          "private": "eyJlMmJmYjczMC1lY2FhLTExZTYtOGY4OC0zNDM2M2JjN2M0YzAiOnsiY3JlYXRlIjozNjAwMDAwMDAwMDAwLCJkZWxldGUiOjM2MDAwMDAwMDAwMDAsInJlYWQiOjMwMDAwMDAwMDAwMCwidXBkYXRlIjozNjAwMDAwMDAwMDAwfX0=",
          "dependencies": [
            "azurerm_network_interface.main",
            "data.terraform_remote_state.vpc"
          ]
        },
        {
          "index_key": 1,
          "schema_version": 0,
          "attributes": {
            "additional_capabilities": [],
            "availability_set_id": null,
            "boot_diagnostics": [],
            "delete_data_disks_on_termination": false,
            "delete_os_disk_on_termination": false,
            "id": "/subscriptions/db29c801-2ad5-4873-9cc3-59e2977739f1/resourceGroups/rg-four4/providers/Microsoft.Compute/virtualMachines/vm-1",
            "identity": [],
            "license_type": null,
            "location": "eastus",
            "name": "vm-1",
            "network_interface_ids": [
              "/subscriptions/db29c801-2ad5-4873-9cc3-59e2977739f1/resourceGroups/rg-four4/providers/Microsoft.Network/networkInterfaces/nic1"
            ],
            "os_profile": [
              {
                "admin_password": "",
                "admin_username": "testadmin",
                "computer_name": "hostname",
                "custom_data": ""
              }
            ],
            "os_profile_linux_config": [
              {
                "disable_password_authentication": false,
                "ssh_keys": []
              }
            ],
            "os_profile_secrets": [],
            "os_profile_windows_config": [],
            "plan": [],
            "primary_network_interface_id": null,
            "proximity_placement_group_id": null,
            "resource_group_name": "rg-four4",
            "storage_data_disk": [],
            "storage_image_reference": [
              {
                "id": "",
                "offer": "UbuntuServer",
                "publisher": "Canonical",
                "sku": "16.04-LTS",
                "version": "latest"
              }
            ],
            "storage_os_disk": [
              {
                "caching": "ReadWrite",
                "create_option": "FromImage",
                "disk_size_gb": 30,
                "image_uri": "",
                "managed_disk_id": "/subscriptions/db29c801-2ad5-4873-9cc3-59e2977739f1/resourceGroups/rg-four4/providers/Microsoft.Compute/disks/myosdisk1",
                "managed_disk_type": "Standard_LRS",
                "name": "myosdisk1",
                "os_type": "Linux",
                "vhd_uri": "",
                "write_accelerator_enabled": false
              }
            ],
            "tags": null,
            "timeouts": null,
            "vm_size": "Standard_DS1_v2",
            "zones": null
          },
          "sensitive_attributes": [],
          "private": "eyJlMmJmYjczMC1lY2FhLTExZTYtOGY4OC0zNDM2M2JjN2M0YzAiOnsiY3JlYXRlIjozNjAwMDAwMDAwMDAwLCJkZWxldGUiOjM2MDAwMDAwMDAwMDAsInJlYWQiOjMwMDAwMDAwMDAwMCwidXBkYXRlIjozNjAwMDAwMDAwMDAwfX0=",
          "dependencies": [
            "azurerm_network_interface.main",
            "data.terraform_remote_state.vpc"
          ]
        },
        {
          "index_key": 2,
          "schema_version": 0,
          "attributes": {
            "additional_capabilities": [],
            "availability_set_id": null,
            "boot_diagnostics": [],
            "delete_data_disks_on_termination": false,
            "delete_os_disk_on_termination": false,
            "id": "/subscriptions/db29c801-2ad5-4873-9cc3-59e2977739f1/resourceGroups/rg-four4/providers/Microsoft.Compute/virtualMachines/vm-2",
            "identity": [],
            "license_type": null,
            "location": "eastus",
            "name": "vm-2",
            "network_interface_ids": [
              "/subscriptions/db29c801-2ad5-4873-9cc3-59e2977739f1/resourceGroups/rg-four4/providers/Microsoft.Network/networkInterfaces/nic2"
            ],
            "os_profile": [
              {
                "admin_password": "",
                "admin_username": "testadmin",
                "computer_name": "hostname",
                "custom_data": ""
              }
            ],
            "os_profile_linux_config": [
              {
                "disable_password_authentication": false,
                "ssh_keys": []
              }
            ],
            "os_profile_secrets": [],
            "os_profile_windows_config": [],
            "plan": [],
            "primary_network_interface_id": null,
            "proximity_placement_group_id": null,
            "resource_group_name": "rg-four4",
            "storage_data_disk": [],
            "storage_image_reference": [
              {
                "id": "",
                "offer": "UbuntuServer",
                "publisher": "Canonical",
                "sku": "16.04-LTS",
                "version": "latest"
              }
            ],
            "storage_os_disk": [
              {
                "caching": "ReadWrite",
                "create_option": "FromImage",
                "disk_size_gb": 30,
                "image_uri": "",
                "managed_disk_id": "/subscriptions/db29c801-2ad5-4873-9cc3-59e2977739f1/resourceGroups/rg-four4/providers/Microsoft.Compute/disks/myosdisk2",
                "managed_disk_type": "Standard_LRS",
                "name": "myosdisk2",
                "os_type": "Linux",
                "vhd_uri": "",
                "write_accelerator_enabled": false
              }
            ],
            "tags": null,
            "timeouts": null,
            "vm_size": "Standard_DS1_v2",
            "zones": null
          },
          "sensitive_attributes": [],
          "private": "eyJlMmJmYjczMC1lY2FhLTExZTYtOGY4OC0zNDM2M2JjN2M0YzAiOnsiY3JlYXRlIjozNjAwMDAwMDAwMDAwLCJkZWxldGUiOjM2MDAwMDAwMDAwMDAsInJlYWQiOjMwMDAwMDAwMDAwMCwidXBkYXRlIjozNjAwMDAwMDAwMDAwfX0=",
          "dependencies": [
            "azurerm_network_interface.main",
            "data.terraform_remote_state.vpc"
          ]
        }
      ]
    }
  ],
  "check_results": null
}
